{
  "name": "Stilledge",
  "lockfileVersion": 3,
  "requires": true,
  "packages": {
    "": {
      "dependencies": {
        "opencode-ai": "^1.18.18"
      }
    },
    "node_modules/opencode-ai": {
      "version": "1.18.18",
      "resolved": "https://registry.npmjs.org/opencode-ai/-/opencode-ai-1.18.18.tgz",
      "integrity": "sha512-J+5HFq8tf+wPBBpBpMPSNjSytF2/EkNWYfFZh4si1d9auFbQriqDyqZv+vFUsLWERfdMU32Eajwuiq3rKBvZLQ==",
      "cpu": [
        "arm64",
        "x64"
      ],
      "hasInstallScript": true,
      "license": "MIT",
      "os": [
        "darwin",
        "linux",
        "win32"
      ],
      "bin": {
        "opencode": "bin/opencode.exe"
      },
      "optionalDependencies": {
        "opencode-darwin-arm64": "1.18.18",
        "opencode-darwin-x64": "1.18.18",
        "opencode-darwin-x64-baseline": "1.18.18",
        "opencode-linux-arm64": "1.18.18",
        "opencode-linux-arm64-musl": "1.18.18",
        "opencode-linux-x64": "1.18.18",
        "opencode-linux-x64-baseline": "1.18.18",
        "opencode-linux-x64-baseline-musl": "1.18.18",
        "opencode-linux-x64-musl": "1.18.18",
        "opencode-windows-arm64": "1.18.18",
        "opencode-windows-x64": "1.18.18",
        "opencode-windows-x64-baseline": "1.18.18"
      }
    },
    "node_modules/opencode-darwin-arm64": {
      "version": "1.18.18",
      "resolved": "https://registry.npmjs.org/opencode-darwin-arm64/-/opencode-darwin-arm64-1.18.18.tgz",
      "integrity": "sha512-VkG+bz8u8Xqg9NzPK+2/71nEd4DKKlo2NLZurQ1eLAzDnmb1CMYZif/o6Shl8YFuTuYU/30k6yufl4Zr0Ij64g==",
      "cpu": [
        "arm64"
      ],
      "optional": true,
      "os": [
        "darwin"
      ]
    },
    "node_modules/opencode-darwin-x64": {
      "version": "1.18.18",
      "resolved": "https://registry.npmjs.org/opencode-darwin-x64/-/opencode-darwin-x64-1.18.18.tgz",
      "integrity": "sha512-xox5XJJ1bI5qDEbxWWR9pWY2Gak5IuSfDcObyWunRUiN7J8OiwyazsJs1HGsTSkVhisk8SNbFIr0/0xQGhxSZg==",
      "cpu": [
        "x64"
      ],
      "optional": true,
      "os": [
        "darwin"
      ]
    },
    "node_modules/opencode-darwin-x64-baseline": {
      "version": "1.18.18",
      "resolved": "https://registry.npmjs.org/opencode-darwin-x64-baseline/-/opencode-darwin-x64-baseline-1.18.18.tgz",
      "integrity": "sha512-NYlIeOOxKPrqY6rdVIjQV4h+eE1AFCHzEcoxXhc8zSvqnCVIO0hMtdNm3l3HhrDucWmdh1BsQBUoZlrBOvAl4w==",
      "cpu": [
        "x64"
      ],
      "optional": true,
      "os": [
        "darwin"
      ]
    },
    "node_modules/opencode-linux-arm64": {
      "version": "1.18.18",
      "resolved": "https://registry.npmjs.org/opencode-linux-arm64/-/opencode-linux-arm64-1.18.18.tgz",
      "integrity": "sha512-e8D3g0qJEIzawEg2+ygW3vkZjAYL2ssyAx4GbihjwXwZFvlZZy5zRWWzdz5KLBoHSTl0FB73vNtnNeXONyHpVQ==",
      "cpu": [
        "arm64"
      ],
      "optional": true,
      "os": [
        "linux"
      ]
    },
    "node_modules/opencode-linux-arm64-musl": {
      "version": "1.18.18",
      "resolved": "https://registry.npmjs.org/opencode-linux-arm64-musl/-/opencode-linux-arm64-musl-1.18.18.tgz",
      "integrity": "sha512-Dp3XByFRRZngPAQotNbOwr22HgZej4r9Ck0Iv/rOVU+oO5fLD9YSpHEwx80FTZOZmFmd/vriCdrR/dGdzabICw==",
      "cpu": [
        "arm64"
      ],
      "optional": true,
      "os": [
        "linux"
      ]
    },
    "node_modules/opencode-linux-x64": {
      "version": "1.18.18",
      "resolved": "https://registry.npmjs.org/opencode-linux-x64/-/opencode-linux-x64-1.18.18.tgz",
      "integrity": "sha512-WmeUnhljYJ252wywKTiW4bNDzsas2njpjPUEh0jM6HKNI4vFxJtREtzaWViY4AKEAcOkLWT8Ll17ixvcHz3AnA==",
      "cpu": [
        "x64"
      ],
      "optional": true,
      "os": [
        "linux"
      ]
    },
    "node_modules/opencode-linux-x64-baseline": {
      "version": "1.18.18",
      "resolved": "https://registry.npmjs.org/opencode-linux-x64-baseline/-/opencode-linux-x64-baseline-1.18.18.tgz",
      "integrity": "sha512-6GvFarhP0pDiXcE9Au8PWoqb9+ZLBIGKrhZxeVAmOJp/gJ8lLL1Eno8O1qpqRb1KjOfOaOD71jHu9xNaqmjEtw==",
      "cpu": [
        "x64"
      ],
      "optional": true,
      "os": [
        "linux"
      ]
    },
    "node_modules/opencode-linux-x64-baseline-musl": {
      "version": "1.18.18",
      "resolved": "https://registry.npmjs.org/opencode-linux-x64-baseline-musl/-/opencode-linux-x64-baseline-musl-1.18.18.tgz",
      "integrity": "sha512-cXD1gAZ+TTmdE3tnWy5qPstZjrnbPg0rPUwtcHeLaeB+KYxQWEoie1c88oYmZfQ+RWI6+/+LLF0FU29Uyd1Nrw==",
      "cpu": [
        "x64"
      ],
      "optional": true,
      "os": [
        "linux"
      ]
    },
    "node_modules/opencode-linux-x64-musl": {
      "version": "1.18.18",
      "resolved": "https://registry.npmjs.org/opencode-linux-x64-musl/-/opencode-linux-x64-musl-1.18.18.tgz",
      "integrity": "sha512-lWiWxotqyVTJYiu2dN90KDNDSrwmyhZk8ajzyfAFjwms2TBVx4L0Ly6gkdhz8nxsxwPRv751W8+yUpzetB8AMA==",
      "cpu": [
        "x64"
      ],
      "optional": true,
      "os": [
        "linux"
      ]
    },
    "node_modules/opencode-windows-arm64": {
      "version": "1.18.18",
      "resolved": "https://registry.npmjs.org/opencode-windows-arm64/-/opencode-windows-arm64-1.18.18.tgz",
      "integrity": "sha512-Fj1LfP3kXUeD34N0FOw6vebS1oK2YmxA2nviAKOAPo8jLFjEgq5djAJ/WroPmS71VOP1EHlKhRshnK3Sx8pI2w==",
      "cpu": [
        "arm64"
      ],
      "optional": true,
      "os": [
        "win32"
      ]
    },
    "node_modules/opencode-windows-x64": {
      "version": "1.18.18",
      "resolved": "https://registry.npmjs.org/opencode-windows-x64/-/opencode-windows-x64-1.18.18.tgz",
      "integrity": "sha512-wbsBZsHDgfHaw9zJogFrrSfWpObtXMFjiA6xl6IFyeVGXsdKi6E8AWIMRZUxKVkf9X0P48mYUuaP1EHgmJCbpA==",
      "cpu": [
        "x64"
      ],
      "optional": true,
      "os": [
        "win32"
      ]
    },
    "node_modules/opencode-windows-x64-baseline": {
      "version": "1.18.18",
      "resolved": "https://registry.npmjs.org/opencode-windows-x64-baseline/-/opencode-windows-x64-baseline-1.18.18.tgz",
      "integrity": "sha512-IeTrXqbIDbXD5VXpeupRa8aD+l4lSNeq02/K0jnaEPvR5adv42tiN1rOENiTaO2uX+d9cQ/csCaJPBFiQvwoRg==",
      "cpu": [
        "x64"
      ],
      "optional": true,
      "os": [
        "win32"
      ]
    }
  }
}
